
Microsoft Visual Studio Solution File, Format Version 12.00
# Visual Studio Version 17
VisualStudioVersion = 17.4.33110.190
MinimumVisualStudioVersion = 10.0.40219.1
Project("{FAE04EC0-301F-11D3-BF4B-00C04F79EFBC}") = "RoomBookingApp.Core.Test", "RoomBookingApp.Core.Test\RoomBookingApp.Core.Test.csproj", "{C4DEE9EE-57C5-4E4E-8835-BF1B889DD0A2}"
EndProject
Project("{FAE04EC0-301F-11D3-BF4B-00C04F79EFBC}") = "RoomBookingApp.Core", "RoomBookingApp.Core\RoomBookingApp.Core.csproj", "{CC6D9080-99DB-4760-980D-081F0F9B343D}"
EndProject
Global
	GlobalSection(SolutionConfigurationPlatforms) = preSolution
		Debug|Any CPU = Debug|Any CPU
		Release|Any CPU = Release|Any CPU
	EndGlobalSection
	GlobalSection(ProjectConfigurationPlatforms) = postSolution
		{C4DEE9EE-57C5-4E4E-8835-BF1B889DD0A2}.Debug|Any CPU.ActiveCfg = Debug|Any CPU
		{C4DEE9EE-57C5-4E4E-8835-BF1B889DD0A2}.Debug|Any CPU.Build.0 = Debug|Any CPU
		{C4DEE9EE-57C5-4E4E-8835-BF1B889DD0A2}.Release|Any CPU.ActiveCfg = Release|Any CPU
		{C4DEE9EE-57C5-4E4E-8835-BF1B889DD0A2}.Release|Any CPU.Build.0 = Release|Any CPU
		{CC6D9080-99DB-4760-980D-081F0F9B343D}.Debug|Any CPU.ActiveCfg = Debug|Any CPU
		{CC6D9080-99DB-4760-980D-081F0F9B343D}.Debug|Any CPU.Build.0 = Debug|Any CPU
		{CC6D9080-99DB-4760-980D-081F0F9B343D}.Release|Any CPU.ActiveCfg = Release|Any CPU
		{CC6D9080-99DB-4760-980D-081F0F9B343D}.Release|Any CPU.Build.0 = Release|Any CPU
	EndGlobalSection
	GlobalSection(SolutionProperties) = preSolution
		HideSolutionNode = FALSE
	EndGlobalSection
	GlobalSection(ExtensibilityGlobals) = postSolution
		SolutionGuid = {1EBD7785-0FD8-4D39-BC45-3BBC814C3C96}
	EndGlobalSection
EndGlobal
